
Microsoft Visual Studio Solution File, Format Version 12.00
# Visual Studio Version 17
VisualStudioVersion = 17.14.36212.18 d17.14
MinimumVisualStudioVersion = 10.0.40219.1
Project("{FAE04EC0-301F-11D3-BF4B-00C04F79EFBC}") = "ConsoleApp9", "ConsoleApp9.csproj", "{FDDA12EA-E592-474C-A332-42A232925E39}"
EndProject
Global
	GlobalSection(SolutionConfigurationPlatforms) = preSolution
		Debug|Any CPU = Debug|Any CPU
		Release|Any CPU = Release|Any CPU
	EndGlobalSection
	GlobalSection(ProjectConfigurationPlatforms) = postSolution
		{FDDA12EA-E592-474C-A332-42A232925E39}.Debug|Any CPU.ActiveCfg = Debug|Any CPU
		{FDDA12EA-E592-474C-A332-42A232925E39}.Debug|Any CPU.Build.0 = Debug|Any CPU
		{FDDA12EA-E592-474C-A332-42A232925E39}.Release|Any CPU.ActiveCfg = Release|Any CPU
		{FDDA12EA-E592-474C-A332-42A232925E39}.Release|Any CPU.Build.0 = Release|Any CPU
	EndGlobalSection
	GlobalSection(SolutionProperties) = preSolution
		HideSolutionNode = FALSE
	EndGlobalSection
	GlobalSection(ExtensibilityGlobals) = postSolution
		SolutionGuid = {7CAF6652-3850-4695-B030-5564313C41F5}
	EndGlobalSection
EndGlobal
